
Microsoft Visual Studio Solution File, Format Version 12.00
# Visual Studio Version 16
VisualStudioVersion = 25.0.1705.6
MinimumVisualStudioVersion = 10.0.40219.1
Project("{FAE04EC0-301F-11D3-BF4B-00C04F79EFBC}") = "ArduinoRobotTest", "ArduinoRobotTest\ArduinoRobotTest.csproj", "{1B5BC535-040D-48F6-8A44-FDDD527750E8}"
EndProject
Global
	GlobalSection(SolutionConfigurationPlatforms) = preSolution
		Debug|Any CPU = Debug|Any CPU
		Release|Any CPU = Release|Any CPU
	EndGlobalSection
	GlobalSection(ProjectConfigurationPlatforms) = postSolution
		{1B5BC535-040D-48F6-8A44-FDDD527750E8}.Debug|Any CPU.ActiveCfg = Debug|Any CPU
		{1B5BC535-040D-48F6-8A44-FDDD527750E8}.Debug|Any CPU.Build.0 = Debug|Any CPU
		{1B5BC535-040D-48F6-8A44-FDDD527750E8}.Release|Any CPU.ActiveCfg = Release|Any CPU
		{1B5BC535-040D-48F6-8A44-FDDD527750E8}.Release|Any CPU.Build.0 = Release|Any CPU
	EndGlobalSection
	GlobalSection(SolutionProperties) = preSolution
		HideSolutionNode = FALSE
	EndGlobalSection
	GlobalSection(ExtensibilityGlobals) = postSolution
		SolutionGuid = {F3A6D3D2-A59C-42C3-986F-BDFB7A32084D}
	EndGlobalSection
EndGlobal
